// !$*UTF8*$!
{
	archiveVersion = 1;
	classes = {
	};
	objectVersion = 46;
	objects = {

/* Begin PBXBuildFile section */
		00F2415B53F0BB2F779E51EE /* Pods_MeMovie.framework in Frameworks */ = {isa = PBXBuildFile; fileRef = 3AE3283C25224A961AC9F94F /* Pods_MeMovie.framework */; };
		8156970A1EC1225100EF9891 /* MovieNetwork.swift in Sources */ = {isa = PBXBuildFile; fileRef = 815697091EC1225100EF9891 /* MovieNetwork.swift */; };
		8158EC261EBEA9EB00BF97D7 /* AppDelegate.swift in Sources */ = {isa = PBXBuildFile; fileRef = 8158EC251EBEA9EB00BF97D7 /* AppDelegate.swift */; };
		8158EC281EBEA9EB00BF97D7 /* ViewController.swift in Sources */ = {isa = PBXBuildFile; fileRef = 8158EC271EBEA9EB00BF97D7 /* ViewController.swift */; };
		8158EC2B1EBEA9EC00BF97D7 /* Main.storyboard in Resources */ = {isa = PBXBuildFile; fileRef = 8158EC291EBEA9EC00BF97D7 /* Main.storyboard */; };
		8158EC2D1EBEA9ED00BF97D7 /* Assets.xcassets in Resources */ = {isa = PBXBuildFile; fileRef = 8158EC2C1EBEA9ED00BF97D7 /* Assets.xcassets */; };
		8158EC301EBEA9ED00BF97D7 /* LaunchScreen.storyboard in Resources */ = {isa = PBXBuildFile; fileRef = 8158EC2E1EBEA9ED00BF97D7 /* LaunchScreen.storyboard */; };
		8158EC381EBF999E00BF97D7 /* Movie.swift in Sources */ = {isa = PBXBuildFile; fileRef = 8158EC371EBF999E00BF97D7 /* Movie.swift */; };
		8158EC3B1EC03F8B00BF97D7 /* DetailViewController.swift in Sources */ = {isa = PBXBuildFile; fileRef = 8158EC391EC03F8B00BF97D7 /* DetailViewController.swift */; };
		8158EC3C1EC03F8B00BF97D7 /* DetailViewController.xib in Resources */ = {isa = PBXBuildFile; fileRef = 8158EC3A1EC03F8B00BF97D7 /* DetailViewController.xib */; };
		81A3A52E1F04896B006C5D7E /* MovieTableViewCell.swift in Sources */ = {isa = PBXBuildFile; fileRef = 81A3A52C1F04896B006C5D7E /* MovieTableViewCell.swift */; };
		81A3A52F1F04896B006C5D7E /* MovieTableViewCell.xib in Resources */ = {isa = PBXBuildFile; fileRef = 81A3A52D1F04896B006C5D7E /* MovieTableViewCell.xib */; };
		81B4B4E81F097EE1000DBE59 /* RoundedView.swift in Sources */ = {isa = PBXBuildFile; fileRef = 81B4B4E71F097EE1000DBE59 /* RoundedView.swift */; };
/* End PBXBuildFile section */

/* Begin PBXFileReference section */
		3AE3283C25224A961AC9F94F /* Pods_MeMovie.framework */ = {isa = PBXFileReference; explicitFileType = wrapper.framework; includeInIndex = 0; path = Pods_MeMovie.framework; sourceTree = BUILT_PRODUCTS_DIR; };
		55BEEF98CB40B9BDB6EBA759 /* Pods-MeMovie.release.xcconfig */ = {isa = PBXFileReference; includeInIndex = 1; lastKnownFileType = text.xcconfig; name = "Pods-MeMovie.release.xcconfig"; path = "Pods/Target Support Files/Pods-MeMovie/Pods-MeMovie.release.xcconfig"; sourceTree = "<group>"; };
		815697091EC1225100EF9891 /* MovieNetwork.swift */ = {isa = PBXFileReference; fileEncoding = 4; lastKnownFileType = sourcecode.swift; path = MovieNetwork.swift; sourceTree = "<group>"; };
		8158EC221EBEA9EA00BF97D7 /* MeMovie.app */ = {isa = PBXFileReference; explicitFileType = wrapper.application; includeInIndex = 0; path = MeMovie.app; sourceTree = BUILT_PRODUCTS_DIR; };
		8158EC251EBEA9EB00BF97D7 /* AppDelegate.swift */ = {isa = PBXFileReference; lastKnownFileType = sourcecode.swift; path = AppDelegate.swift; sourceTree = "<group>"; };
		8158EC271EBEA9EB00BF97D7 /* ViewController.swift */ = {isa = PBXFileReference; lastKnownFileType = sourcecode.swift; path = ViewController.swift; sourceTree = "<group>"; };
		8158EC2A1EBEA9EC00BF97D7 /* Base */ = {isa = PBXFileReference; lastKnownFileType = file.storyboard; name = Base; path = Base.lproj/Main.storyboard; sourceTree = "<group>"; };
		8158EC2C1EBEA9ED00BF97D7 /* Assets.xcassets */ = {isa = PBXFileReference; lastKnownFileType = folder.assetcatalog; path = Assets.xcassets; sourceTree = "<group>"; };
		8158EC2F1EBEA9ED00BF97D7 /* Base */ = {isa = PBXFileReference; lastKnownFileType = file.storyboard; name = Base; path = Base.lproj/LaunchScreen.storyboard; sourceTree = "<group>"; };
		8158EC311EBEA9ED00BF97D7 /* Info.plist */ = {isa = PBXFileReference; lastKnownFileType = text.plist.xml; path = Info.plist; sourceTree = "<group>"; };
		8158EC371EBF999E00BF97D7 /* Movie.swift */ = {isa = PBXFileReference; fileEncoding = 4; lastKnownFileType = sourcecode.swift; path = Movie.swift; sourceTree = "<group>"; };
		8158EC391EC03F8B00BF97D7 /* DetailViewController.swift */ = {isa = PBXFileReference; fileEncoding = 4; lastKnownFileType = sourcecode.swift; path = DetailViewController.swift; sourceTree = "<group>"; };
		8158EC3A1EC03F8B00BF97D7 /* DetailViewController.xib */ = {isa = PBXFileReference; fileEncoding = 4; lastKnownFileType = file.xib; path = DetailViewController.xib; sourceTree = "<group>"; };
		81A3A52C1F04896B006C5D7E /* MovieTableViewCell.swift */ = {isa = PBXFileReference; fileEncoding = 4; lastKnownFileType = sourcecode.swift; path = MovieTableViewCell.swift; sourceTree = "<group>"; };
		81A3A52D1F04896B006C5D7E /* MovieTableViewCell.xib */ = {isa = PBXFileReference; fileEncoding = 4; lastKnownFileType = file.xib; path = MovieTableViewCell.xib; sourceTree = "<group>"; };
		81B4B4E71F097EE1000DBE59 /* RoundedView.swift */ = {isa = PBXFileReference; fileEncoding = 4; lastKnownFileType = sourcecode.swift; path = RoundedView.swift; sourceTree = "<group>"; };
		AD6EFDEF4EF32C91A769E252 /* Pods-MeMovie.debug.xcconfig */ = {isa = PBXFileReference; includeInIndex = 1; lastKnownFileType = text.xcconfig; name = "Pods-MeMovie.debug.xcconfig"; path = "Pods/Target Support Files/Pods-MeMovie/Pods-MeMovie.debug.xcconfig"; sourceTree = "<group>"; };
/* End PBXFileReference section */

/* Begin PBXFrameworksBuildPhase section */
		8158EC1F1EBEA9EA00BF97D7 /* Frameworks */ = {
			isa = PBXFrameworksBuildPhase;
			buildActionMask = 2147483647;
			files = (
				00F2415B53F0BB2F779E51EE /* Pods_MeMovie.framework in Frameworks */,
			);
			runOnlyForDeploymentPostprocessing = 0;
		};
/* End PBXFrameworksBuildPhase section */

/* Begin PBXGroup section */
		71506CBBB319A2FF8541CA48 /* Frameworks */ = {
			isa = PBXGroup;
			children = (
				3AE3283C25224A961AC9F94F /* Pods_MeMovie.framework */,
			);
			name = Frameworks;
			sourceTree = "<group>";
		};
		8158EC191EBEA9E900BF97D7 = {
			isa = PBXGroup;
			children = (
				8158EC241EBEA9EA00BF97D7 /* MeMovie */,
				8158EC231EBEA9EA00BF97D7 /* Products */,
				FCAE6E099135316ED33ABB33 /* Pods */,
				71506CBBB319A2FF8541CA48 /* Frameworks */,
			);
			sourceTree = "<group>";
		};
		8158EC231EBEA9EA00BF97D7 /* Products */ = {
			isa = PBXGroup;
			children = (
				8158EC221EBEA9EA00BF97D7 /* MeMovie.app */,
			);
			name = Products;
			sourceTree = "<group>";
		};
		8158EC241EBEA9EA00BF97D7 /* MeMovie */ = {
			isa = PBXGroup;
			children = (
				81A3A5231F045B69006C5D7E /* Network */,
				81A3A5221F045B37006C5D7E /* Control */,
				81A3A5211F045B25006C5D7E /* View */,
				81A3A5201F045AF3006C5D7E /* Model */,
				8158EC2C1EBEA9ED00BF97D7 /* Assets.xcassets */,
				8158EC311EBEA9ED00BF97D7 /* Info.plist */,
			);
			path = MeMovie;
			sourceTree = "<group>";
		};
		81A3A5201F045AF3006C5D7E /* Model */ = {
			isa = PBXGroup;
			children = (
				8158EC371EBF999E00BF97D7 /* Movie.swift */,
			);
			name = Model;
			sourceTree = "<group>";
		};
		81A3A5211F045B25006C5D7E /* View */ = {
			isa = PBXGroup;
			children = (
				81B4B4E71F097EE1000DBE59 /* RoundedView.swift */,
				8158EC291EBEA9EC00BF97D7 /* Main.storyboard */,
				8158EC2E1EBEA9ED00BF97D7 /* LaunchScreen.storyboard */,
				8158EC3A1EC03F8B00BF97D7 /* DetailViewController.xib */,
				81A3A52C1F04896B006C5D7E /* MovieTableViewCell.swift */,
				81A3A52D1F04896B006C5D7E /* MovieTableViewCell.xib */,
			);
			name = View;
			sourceTree = "<group>";
		};
		81A3A5221F045B37006C5D7E /* Control */ = {
			isa = PBXGroup;
			children = (
				8158EC251EBEA9EB00BF97D7 /* AppDelegate.swift */,
				8158EC271EBEA9EB00BF97D7 /* ViewController.swift */,
				8158EC391EC03F8B00BF97D7 /* DetailViewController.swift */,
			);
			name = Control;
			sourceTree = "<group>";
		};
		81A3A5231F045B69006C5D7E /* Network */ = {
			isa = PBXGroup;
			children = (
				815697091EC1225100EF9891 /* MovieNetwork.swift */,
			);
			name = Network;
			sourceTree = "<group>";
		};
		FCAE6E099135316ED33ABB33 /* Pods */ = {
			isa = PBXGroup;
			children = (
				AD6EFDEF4EF32C91A769E252 /* Pods-MeMovie.debug.xcconfig */,
				55BEEF98CB40B9BDB6EBA759 /* Pods-MeMovie.release.xcconfig */,
			);
			name = Pods;
			sourceTree = "<group>";
		};
/* End PBXGroup section */

/* Begin PBXNativeTarget section */
		8158EC211EBEA9EA00BF97D7 /* MeMovie */ = {
			isa = PBXNativeTarget;
			buildConfigurationList = 8158EC341EBEA9ED00BF97D7 /* Build configuration list for PBXNativeTarget "MeMovie" */;
			buildPhases = (
				B860601404B69B99BE4EED1D /* [CP] Check Pods Manifest.lock */,
				8158EC1E1EBEA9EA00BF97D7 /* Sources */,
				8158EC1F1EBEA9EA00BF97D7 /* Frameworks */,
				8158EC201EBEA9EA00BF97D7 /* Resources */,
				B81DF54A9852CFB90FCC9332 /* [CP] Embed Pods Frameworks */,
				8AC0C398896015FDFBC22471 /* [CP] Copy Pods Resources */,
			);
			buildRules = (
			);
			dependencies = (
			);
			name = MeMovie;
			productName = MeMovie;
			productReference = 8158EC221EBEA9EA00BF97D7 /* MeMovie.app */;
			productType = "com.apple.product-type.application";
		};
/* End PBXNativeTarget section */

/* Begin PBXProject section */
		8158EC1A1EBEA9E900BF97D7 /* Project object */ = {
			isa = PBXProject;
			attributes = {
				LastSwiftUpdateCheck = 0820;
				LastUpgradeCheck = 0820;
				ORGANIZATIONNAME = "Spencer Wallsworth";
				TargetAttributes = {
					8158EC211EBEA9EA00BF97D7 = {
						CreatedOnToolsVersion = 8.2.1;
						DevelopmentTeam = E7ZFGF32HX;
						ProvisioningStyle = Automatic;
					};
				};
			};
			buildConfigurationList = 8158EC1D1EBEA9EA00BF97D7 /* Build configuration list for PBXProject "MeMovie" */;
			compatibilityVersion = "Xcode 3.2";
			developmentRegion = English;
			hasScannedForEncodings = 0;
			knownRegions = (
				en,
				Base,
			);
			mainGroup = 8158EC191EBEA9E900BF97D7;
			productRefGroup = 8158EC231EBEA9EA00BF97D7 /* Products */;
			projectDirPath = "";
			projectRoot = "";
			targets = (
				8158EC211EBEA9EA00BF97D7 /* MeMovie */,
			);
		};
/* End PBXProject section */

/* Begin PBXResourcesBuildPhase section */
		8158EC201EBEA9EA00BF97D7 /* Resources */ = {
			isa = PBXResourcesBuildPhase;
			buildActionMask = 2147483647;
			files = (
				8158EC301EBEA9ED00BF97D7 /* LaunchScreen.storyboard in Resources */,
				81A3A52F1F04896B006C5D7E /* MovieTableViewCell.xib in Resources */,
				8158EC2D1EBEA9ED00BF97D7 /* Assets.xcassets in Resources */,
				8158EC2B1EBEA9EC00BF97D7 /* Main.storyboard in Resources */,
				8158EC3C1EC03F8B00BF97D7 /* DetailViewController.xib in Resources */,
			);
			runOnlyForDeploymentPostprocessing = 0;
		};
/* End PBXResourcesBuildPhase section */

/* Begin PBXShellScriptBuildPhase section */
		8AC0C398896015FDFBC22471 /* [CP] Copy Pods Resources */ = {
			isa = PBXShellScriptBuildPhase;
			buildActionMask = 2147483647;
			files = (
			);
			inputPaths = (
			);
			name = "[CP] Copy Pods Resources";
			outputPaths = (
			);
			runOnlyForDeploymentPostprocessing = 0;
			shellPath = /bin/sh;
			shellScript = "\"${SRCROOT}/Pods/Target Support Files/Pods-MeMovie/Pods-MeMovie-resources.sh\"\n";
			showEnvVarsInLog = 0;
		};
		B81DF54A9852CFB90FCC9332 /* [CP] Embed Pods Frameworks */ = {
			isa = PBXShellScriptBuildPhase;
			buildActionMask = 2147483647;
			files = (
			);
			inputPaths = (
			);
			name = "[CP] Embed Pods Frameworks";
			outputPaths = (
			);
			runOnlyForDeploymentPostprocessing = 0;
			shellPath = /bin/sh;
			shellScript = "\"${SRCROOT}/Pods/Target Support Files/Pods-MeMovie/Pods-MeMovie-frameworks.sh\"\n";
			showEnvVarsInLog = 0;
		};
		B860601404B69B99BE4EED1D /* [CP] Check Pods Manifest.lock */ = {
			isa = PBXShellScriptBuildPhase;
			buildActionMask = 2147483647;
			files = (
			);
			inputPaths = (
			);
			name = "[CP] Check Pods Manifest.lock";
			outputPaths = (
			);
			runOnlyForDeploymentPostprocessing = 0;
			shellPath = /bin/sh;
			shellScript = "diff \"${PODS_ROOT}/../Podfile.lock\" \"${PODS_ROOT}/Manifest.lock\" > /dev/null\nif [ $? != 0 ] ; then\n    # print error to STDERR\n    echo \"error: The sandbox is not in sync with the Podfile.lock. Run 'pod install' or update your CocoaPods installation.\" >&2\n    exit 1\nfi\n";
			showEnvVarsInLog = 0;
		};
/* End PBXShellScriptBuildPhase section */

/* Begin PBXSourcesBuildPhase section */
		8158EC1E1EBEA9EA00BF97D7 /* Sources */ = {
			isa = PBXSourcesBuildPhase;
			buildActionMask = 2147483647;
			files = (
				8156970A1EC1225100EF9891 /* MovieNetwork.swift in Sources */,
				8158EC281EBEA9EB00BF97D7 /* ViewController.swift in Sources */,
				81B4B4E81F097EE1000DBE59 /* RoundedView.swift in Sources */,
				81A3A52E1F04896B006C5D7E /* MovieTableViewCell.swift in Sources */,
				8158EC261EBEA9EB00BF97D7 /* AppDelegate.swift in Sources */,
				8158EC381EBF999E00BF97D7 /* Movie.swift in Sources */,
				8158EC3B1EC03F8B00BF97D7 /* DetailViewController.swift in Sources */,
			);
			runOnlyForDeploymentPostprocessing = 0;
		};
/* End PBXSourcesBuildPhase section */

/* Begin PBXVariantGroup section */
		8158EC291EBEA9EC00BF97D7 /* Main.storyboard */ = {
			isa = PBXVariantGroup;
			children = (
				8158EC2A1EBEA9EC00BF97D7 /* Base */,
			);
			name = Main.storyboard;
			sourceTree = "<group>";
		};
		8158EC2E1EBEA9ED00BF97D7 /* LaunchScreen.storyboard */ = {
			isa = PBXVariantGroup;
			children = (
				8158EC2F1EBEA9ED00BF97D7 /* Base */,
			);
			name = LaunchScreen.storyboard;
			sourceTree = "<group>";
		};
/* End PBXVariantGroup section */

/* Begin XCBuildConfiguration section */
		8158EC321EBEA9ED00BF97D7 /* Debug */ = {
			isa = XCBuildConfiguration;
			buildSettings = {
				ALWAYS_SEARCH_USER_PATHS = NO;
				CLANG_ANALYZER_NONNULL = YES;
				CLANG_CXX_LANGUAGE_STANDARD = "gnu++0x";
				CLANG_CXX_LIBRARY = "libc++";
				CLANG_ENABLE_MODULES = YES;
				CLANG_ENABLE_OBJC_ARC = YES;
				CLANG_WARN_BOOL_CONVERSION = YES;
				CLANG_WARN_CONSTANT_CONVERSION = YES;
				CLANG_WARN_DIRECT_OBJC_ISA_USAGE = YES_ERROR;
				CLANG_WARN_DOCUMENTATION_COMMENTS = YES;
				CLANG_WARN_EMPTY_BODY = YES;
				CLANG_WARN_ENUM_CONVERSION = YES;
				CLANG_WARN_INFINITE_RECURSION = YES;
				CLANG_WARN_INT_CONVERSION = YES;
				CLANG_WARN_OBJC_ROOT_CLASS = YES_ERROR;
				CLANG_WARN_SUSPICIOUS_MOVE = YES;
				CLANG_WARN_UNREACHABLE_CODE = YES;
				CLANG_WARN__DUPLICATE_METHOD_MATCH = YES;
				"CODE_SIGN_IDENTITY[sdk=iphoneos*]" = "iPhone Developer";
				COPY_PHASE_STRIP = NO;
				DEBUG_INFORMATION_FORMAT = dwarf;
				ENABLE_STRICT_OBJC_MSGSEND = YES;
				ENABLE_TESTABILITY = YES;
				GCC_C_LANGUAGE_STANDARD = gnu99;
				GCC_DYNAMIC_NO_PIC = NO;
				GCC_NO_COMMON_BLOCKS = YES;
				GCC_OPTIMIZATION_LEVEL = 0;
				GCC_PREPROCESSOR_DEFINITIONS = (
					"DEBUG=1",
					"$(inherited)",
				);
				GCC_WARN_64_TO_32_BIT_CONVERSION = YES;
				GCC_WARN_ABOUT_RETURN_TYPE = YES_ERROR;
				GCC_WARN_UNDECLARED_SELECTOR = YES;
				GCC_WARN_UNINITIALIZED_AUTOS = YES_AGGRESSIVE;
				GCC_WARN_UNUSED_FUNCTION = YES;
				GCC_WARN_UNUSED_VARIABLE = YES;
				IPHONEOS_DEPLOYMENT_TARGET = 10.2;
				MTL_ENABLE_DEBUG_INFO = YES;
				ONLY_ACTIVE_ARCH = YES;
				SDKROOT = iphoneos;
				SWIFT_ACTIVE_COMPILATION_CONDITIONS = DEBUG;
				SWIFT_OPTIMIZATION_LEVEL = "-Onone";
				TARGETED_DEVICE_FAMILY = "1,2";
			};
			name = Debug;
		};
		8158EC331EBEA9ED00BF97D7 /* Release */ = {
			isa = XCBuildConfiguration;
			buildSettings = {
				ALWAYS_SEARCH_USER_PATHS = NO;
				CLANG_ANALYZER_NONNULL = YES;
				CLANG_CXX_LANGUAGE_STANDARD = "gnu++0x";
				CLANG_CXX_LIBRARY = "libc++";
				CLANG_ENABLE_MODULES = YES;
				CLANG_ENABLE_OBJC_ARC = YES;
				CLANG_WARN_BOOL_CONVERSION = YES;
				CLANG_WARN_CONSTANT_CONVERSION = YES;
				CLANG_WARN_DIRECT_OBJC_ISA_USAGE = YES_ERROR;
				CLANG_WARN_DOCUMENTATION_COMMENTS = YES;
				CLANG_WARN_EMPTY_BODY = YES;
				CLANG_WARN_ENUM_CONVERSION = YES;
				CLANG_WARN_INFINITE_RECURSION = YES;
				CLANG_WARN_INT_CONVERSION = YES;
				CLANG_WARN_OBJC_ROOT_CLASS = YES_ERROR;
				CLANG_WARN_SUSPICIOUS_MOVE = YES;
				CLANG_WARN_UNREACHABLE_CODE = YES;
				CLANG_WARN__DUPLICATE_METHOD_MATCH = YES;
				"CODE_SIGN_IDENTITY[sdk=iphoneos*]" = "iPhone Developer";
				COPY_PHASE_STRIP = NO;
				DEBUG_INFORMATION_FORMAT = "dwarf-with-dsym";
				ENABLE_NS_ASSERTIONS = NO;
				ENABLE_STRICT_OBJC_MSGSEND = YES;
				GCC_C_LANGUAGE_STANDARD = gnu99;
				GCC_NO_COMMON_BLOCKS = YES;
				GCC_WARN_64_TO_32_BIT_CONVERSION = YES;
				GCC_WARN_ABOUT_RETURN_TYPE = YES_ERROR;
				GCC_WARN_UNDECLARED_SELECTOR = YES;
				GCC_WARN_UNINITIALIZED_AUTOS = YES_AGGRESSIVE;
				GCC_WARN_UNUSED_FUNCTION = YES;
				GCC_WARN_UNUSED_VARIABLE = YES;
				IPHONEOS_DEPLOYMENT_TARGET = 10.2;
				MTL_ENABLE_DEBUG_INFO = NO;
				SDKROOT = iphoneos;
				SWIFT_OPTIMIZATION_LEVEL = "-Owholemodule";
				TARGETED_DEVICE_FAMILY = "1,2";
				VALIDATE_PRODUCT = YES;
			};
			name = Release;
		};
		8158EC351EBEA9ED00BF97D7 /* Debug */ = {
			isa = XCBuildConfiguration;
			baseConfigurationReference = AD6EFDEF4EF32C91A769E252 /* Pods-MeMovie.debug.xcconfig */;
			buildSettings = {
				ASSETCATALOG_COMPILER_APPICON_NAME = AppIcon;
				DEVELOPMENT_TEAM = E7ZFGF32HX;
				INFOPLIST_FILE = MeMovie/Info.plist;
				LD_RUNPATH_SEARCH_PATHS = "$(inherited) @executable_path/Frameworks";
				PRODUCT_BUNDLE_IDENTIFIER = MAC.MeMovie;
				PRODUCT_NAME = "$(TARGET_NAME)";
				SWIFT_VERSION = 3.0;
			};
			name = Debug;
		};
		8158EC361EBEA9ED00BF97D7 /* Release */ = {
			isa = XCBuildConfiguration;
			baseConfigurationReference = 55BEEF98CB40B9BDB6EBA759 /* Pods-MeMovie.release.xcconfig */;
			buildSettings = {
				ASSETCATALOG_COMPILER_APPICON_NAME = AppIcon;
				DEVELOPMENT_TEAM = E7ZFGF32HX;
				INFOPLIST_FILE = MeMovie/Info.plist;
				LD_RUNPATH_SEARCH_PATHS = "$(inherited) @executable_path/Frameworks";
				PRODUCT_BUNDLE_IDENTIFIER = MAC.MeMovie;
				PRODUCT_NAME = "$(TARGET_NAME)";
				SWIFT_VERSION = 3.0;
			};
			name = Release;
		};
/* End XCBuildConfiguration section */

/* Begin XCConfigurationList section */
		8158EC1D1EBEA9EA00BF97D7 /* Build configuration list for PBXProject "MeMovie" */ = {
			isa = XCConfigurationList;
			buildConfigurations = (
				8158EC321EBEA9ED00BF97D7 /* Debug */,
				8158EC331EBEA9ED00BF97D7 /* Release */,
			);
			defaultConfigurationIsVisible = 0;
			defaultConfigurationName = Release;
		};
		8158EC341EBEA9ED00BF97D7 /* Build configuration list for PBXNativeTarget "MeMovie" */ = {
			isa = XCConfigurationList;
			buildConfigurations = (
				8158EC351EBEA9ED00BF97D7 /* Debug */,
				8158EC361EBEA9ED00BF97D7 /* Release */,
			);
			defaultConfigurationIsVisible = 0;
			defaultConfigurationName = Release;
		};
/* End XCConfigurationList section */
	};
	rootObject = 8158EC1A1EBEA9E900BF97D7 /* Project object */;
}
